# THIS IS AN AUTOGENERATED FILE. DO NOT EDIT THIS FILE DIRECTLY.
# yarn lockfile v1


"@babel/helper-validator-identifier@^7.10.4":
  version "7.10.4"
  resolved "https://registry.yarnpkg.com/@babel/helper-validator-identifier/-/helper-validator-identifier-7.10.4.tgz#a78c7a7251e01f616512d31b10adcf52ada5e0d2"
  integrity sha512-3U9y+43hz7ZM+rzG24Qe2mufW5KhvFg/NhnNph+i9mgCtdTCtMJuI1TMkrIUiK7Ix4PYlRF9I5dhqaLYA/ADXw==

"@babel/parser@^7.10.4":
  version "7.11.4"
  resolved "https://registry.yarnpkg.com/@babel/parser/-/parser-7.11.4.tgz#6fa1a118b8b0d80d0267b719213dc947e88cc0ca"
  integrity sha512-MggwidiH+E9j5Sh8pbrX5sJvMcsqS5o+7iB42M9/k0CD63MjYbdP4nhSh7uB5wnv2/RVzTZFTxzF/kIa5mrCqA==

"@babel/types@^7.10.4":
  version "7.11.0"
  resolved "https://registry.yarnpkg.com/@babel/types/-/types-7.11.0.tgz#2ae6bf1ba9ae8c3c43824e5861269871b206e90d"
  integrity sha512-O53yME4ZZI0jO1EVGtF1ePGl0LHirG4P1ibcD80XyzZcKhcMFeCXmh4Xb1ifGBIV233Qg12x4rBfQgA+tmOukA==
  dependencies:
    "@babel/helper-validator-identifier" "^7.10.4"
    lodash "^4.17.19"
    to-fast-properties "^2.0.0"

"@vue/compiler-core@3.0.0-rc.8":
  version "3.0.0-rc.8"
  resolved "https://registry.yarnpkg.com/@vue/compiler-core/-/compiler-core-3.0.0-rc.8.tgz#c8a630b440d03a1790d34b3c5a7b3c86caa8a84e"
  integrity sha512-67sHKlKhrBhxF72gJc8PkJeAA1iZ4x1krVDuS2yOvS44Gj+fNHu8Y25mThLu+eq2rXCUrrbbmZge9ND6VuyFUA==
  dependencies:
    "@babel/parser" "^7.10.4"
    "@babel/types" "^7.10.4"
    "@vue/shared" "3.0.0-rc.8"
    estree-walker "^2.0.1"
    source-map "^0.6.1"

"@vue/compiler-dom@3.0.0-rc.8":
  version "3.0.0-rc.8"
  resolved "https://registry.yarnpkg.com/@vue/compiler-dom/-/compiler-dom-3.0.0-rc.8.tgz#a4fd66356e1dbe7bf3f3e41f6034e682b7c22b3d"
  integrity sha512-xnYswIMWTu8ck5ZcyXrZBhB/gBXla5JpfdEkoPqjNNSXZn1w6N398KuB6UQtjSDjjIsZ7shs7/x5hgtnqTNBJQ==
  dependencies:
    "@vue/compiler-core" "3.0.0-rc.8"
    "@vue/shared" "3.0.0-rc.8"

"@vue/reactivity@3.0.0-rc.8":
  version "3.0.0-rc.8"
  resolved "https://registry.yarnpkg.com/@vue/reactivity/-/reactivity-3.0.0-rc.8.tgz#329a00e63781663516e5b356ab17e4782bafa7d6"
  integrity sha512-/NjP+CI3ggeRXaIlJCI/zJBuClOhwy+SPvt8mcIQEMeewn67bh1Qzl5iqD+yFFzaS3MR3ofdkcCiq1UQ/k2Omg==
  dependencies:
    "@vue/shared" "3.0.0-rc.8"

"@vue/runtime-core@3.0.0-rc.8":
  version "3.0.0-rc.8"
  resolved "https://registry.yarnpkg.com/@vue/runtime-core/-/runtime-core-3.0.0-rc.8.tgz#3672094478c7dcf84e6906ac6f0c20fe386fcf9c"
  integrity sha512-VZpfCqsjz9rixDWCrEB4aI2qjlTslxAlK+5lVK+4jq7Tz2ZLQa93/Zg9p5DRzdI5GCd3nkOxo9hFXkPu+B2pIw==
  dependencies:
    "@vue/reactivity" "3.0.0-rc.8"
    "@vue/shared" "3.0.0-rc.8"

"@vue/runtime-dom@3.0.0-rc.8":
  version "3.0.0-rc.8"
  resolved "https://registry.yarnpkg.com/@vue/runtime-dom/-/runtime-dom-3.0.0-rc.8.tgz#96bde809e1d49ff0655bc63e7852cdaa25b23a8e"
  integrity sha512-Da1wMDU1bh1c5WLSc3E78ns3XphZG4WHl6v0elhFkwpnSF5qB14ZYnuuqXVZ4N8Afe6ZjvtM4GSWOZlD4TkYng==
  dependencies:
    "@vue/runtime-core" "3.0.0-rc.8"
    "@vue/shared" "3.0.0-rc.8"
    csstype "^2.6.8"

"@vue/shared@3.0.0-rc.8":
  version "3.0.0-rc.8"
  resolved "https://registry.yarnpkg.com/@vue/shared/-/shared-3.0.0-rc.8.tgz#d6b80e14c202c37d9f1953965a1517eab46c1d3b"
  integrity sha512-GSvG6mbDcOQtLKfeNe77ds0oo5PRfTDhsPlqx1fwvpyROS/BAOo1YK17CXwmI+Vsf+51L/l42tTneBTdhQotmg==

csstype@^2.6.8:
  version "2.6.13"
  resolved "https://registry.yarnpkg.com/csstype/-/csstype-2.6.13.tgz#a6893015b90e84dd6e85d0e3b442a1e84f2dbe0f"
  integrity sha512-ul26pfSQTZW8dcOnD2iiJssfXw0gdNVX9IJDH/X3K5DGPfj+fUYe3kB+swUY6BF3oZDxaID3AJt+9/ojSAE05A==

estree-walker@^2.0.1:
  version "2.0.1"
  resolved "https://registry.yarnpkg.com/estree-walker/-/estree-walker-2.0.1.tgz#f8e030fb21cefa183b44b7ad516b747434e7a3e0"
  integrity sha512-tF0hv+Yi2Ot1cwj9eYHtxC0jB9bmjacjQs6ZBTj82H8JwUywFuc+7E83NWfNMwHXZc11mjfFcVXPe9gEP4B8dg==

lodash@^4.17.19:
  version "4.17.20"
  resolved "https://registry.yarnpkg.com/lodash/-/lodash-4.17.20.tgz#b44a9b6297bcb698f1c51a3545a2b3b368d59c52"
  integrity sha512-PlhdFcillOINfeV7Ni6oF1TAEayyZBoZ8bcshTHqOYJYlrqzRK5hagpagky5o4HfCzzd1TRkXPMFq6cKk9rGmA==

source-map@^0.6.1:
  version "0.6.1"
  resolved "https://registry.yarnpkg.com/source-map/-/source-map-0.6.1.tgz#74722af32e9614e9c287a8d0bbde48b5e2f1a263"
  integrity sha512-UjgapumWlbMhkBgzT7Ykc5YXUT46F0iKu8SGXq0bcwP5dz/h0Plj6enJqjz1Zbq2l5WaqYnrVbwWOWMyF3F47g==

to-fast-properties@^2.0.0:
  version "2.0.0"
  resolved "https://registry.yarnpkg.com/to-fast-properties/-/to-fast-properties-2.0.0.tgz#dc5e698cbd079265bc73e0377681a4e4e83f616e"
  integrity sha1-3F5pjL0HkmW8c+A3doGk5Og/YW4=

vue-router@4.0.0-beta.7:
  version "4.0.0-beta.7"
  resolved "https://registry.yarnpkg.com/vue-router/-/vue-router-4.0.0-beta.7.tgz#afd8469c8f2aa86a2c785c08dfb954223f86581f"
  integrity sha512-98CSf1ssIu0cZgdoBTqGWn9e17pueKOy4fzVyFyUhuJkjEwWNOsMMfKru6e0GTwZEtYOd6vhizvh7mkFGvdjVg==

vue@3.0.0-rc.8:
  version "3.0.0-rc.8"
  resolved "https://registry.yarnpkg.com/vue/-/vue-3.0.0-rc.8.tgz#001b9d7a4033d6ff4b601c6457fc080e192fead9"
  integrity sha512-2TPckyMoOjEawJBsjb+02GusPBBTwgCqGSjQYsJnToCPDR7PnVCkA4dbGJYlw1w9heXfwgyI+9qmZT0vMVLGmg==
  dependencies:
    "@vue/compiler-dom" "3.0.0-rc.8"
    "@vue/runtime-dom" "3.0.0-rc.8"
    "@vue/shared" "3.0.0-rc.8"
